
Microsoft Visual Studio Solution File, Format Version 12.00
# Visual Studio Version 17
VisualStudioVersion = 17.10.35122.118
MinimumVisualStudioVersion = 10.0.40219.1
Project("{9A19103F-16F7-4668-BE54-9A1E7A4F7556}") = "Task6(1)", "Task6(1)\Task6(1).csproj", "{AC3882A1-9F4D-47A7-B936-EDF922469E7B}"
EndProject
Project("{FAE04EC0-301F-11D3-BF4B-00C04F79EFBC}") = "Task6.1", "Task6.1\Task6.1.csproj", "{ECE4672D-BEFA-404D-A57F-9A6EA14DE478}"
EndProject
Project("{FAE04EC0-301F-11D3-BF4B-00C04F79EFBC}") = "Task 6.2", "Task 6.2\Task 6.2.csproj", "{DF7EB53F-F492-4CBE-84B4-35F6DBDF5BE4}"
EndProject
Global
	GlobalSection(SolutionConfigurationPlatforms) = preSolution
		Debug|Any CPU = Debug|Any CPU
		Release|Any CPU = Release|Any CPU
	EndGlobalSection
	GlobalSection(ProjectConfigurationPlatforms) = postSolution
		{AC3882A1-9F4D-47A7-B936-EDF922469E7B}.Debug|Any CPU.ActiveCfg = Debug|Any CPU
		{AC3882A1-9F4D-47A7-B936-EDF922469E7B}.Debug|Any CPU.Build.0 = Debug|Any CPU
		{AC3882A1-9F4D-47A7-B936-EDF922469E7B}.Release|Any CPU.ActiveCfg = Release|Any CPU
		{AC3882A1-9F4D-47A7-B936-EDF922469E7B}.Release|Any CPU.Build.0 = Release|Any CPU
		{ECE4672D-BEFA-404D-A57F-9A6EA14DE478}.Debug|Any CPU.ActiveCfg = Debug|Any CPU
		{ECE4672D-BEFA-404D-A57F-9A6EA14DE478}.Debug|Any CPU.Build.0 = Debug|Any CPU
		{ECE4672D-BEFA-404D-A57F-9A6EA14DE478}.Release|Any CPU.ActiveCfg = Release|Any CPU
		{ECE4672D-BEFA-404D-A57F-9A6EA14DE478}.Release|Any CPU.Build.0 = Release|Any CPU
		{DF7EB53F-F492-4CBE-84B4-35F6DBDF5BE4}.Debug|Any CPU.ActiveCfg = Debug|Any CPU
		{DF7EB53F-F492-4CBE-84B4-35F6DBDF5BE4}.Debug|Any CPU.Build.0 = Debug|Any CPU
		{DF7EB53F-F492-4CBE-84B4-35F6DBDF5BE4}.Release|Any CPU.ActiveCfg = Release|Any CPU
		{DF7EB53F-F492-4CBE-84B4-35F6DBDF5BE4}.Release|Any CPU.Build.0 = Release|Any CPU
	EndGlobalSection
	GlobalSection(SolutionProperties) = preSolution
		HideSolutionNode = FALSE
	EndGlobalSection
	GlobalSection(ExtensibilityGlobals) = postSolution
		SolutionGuid = {5D273151-AA2A-4804-8139-DD8A84977CD4}
	EndGlobalSection
EndGlobal
